
Microsoft Visual Studio Solution File, Format Version 12.00
# Visual Studio Version 16
VisualStudioVersion = 16.0.31019.35
MinimumVisualStudioVersion = 10.0.40219.1
Project("{FAE04EC0-301F-11D3-BF4B-00C04F79EFBC}") = "Singleton", "Singleton.csproj", "{AB4F3E48-F783-4128-B6B0-C2A9193A4D01}"
EndProject
Global
	GlobalSection(SolutionConfigurationPlatforms) = preSolution
		Debug|Any CPU = Debug|Any CPU
		Release|Any CPU = Release|Any CPU
	EndGlobalSection
	GlobalSection(ProjectConfigurationPlatforms) = postSolution
		{AB4F3E48-F783-4128-B6B0-C2A9193A4D01}.Debug|Any CPU.ActiveCfg = Debug|Any CPU
		{AB4F3E48-F783-4128-B6B0-C2A9193A4D01}.Debug|Any CPU.Build.0 = Debug|Any CPU
		{AB4F3E48-F783-4128-B6B0-C2A9193A4D01}.Release|Any CPU.ActiveCfg = Release|Any CPU
		{AB4F3E48-F783-4128-B6B0-C2A9193A4D01}.Release|Any CPU.Build.0 = Release|Any CPU
	EndGlobalSection
	GlobalSection(SolutionProperties) = preSolution
		HideSolutionNode = FALSE
	EndGlobalSection
	GlobalSection(ExtensibilityGlobals) = postSolution
		SolutionGuid = {2BF0D26E-AC6E-4FC9-932E-9E785F135939}
	EndGlobalSection
EndGlobal
