
Microsoft Visual Studio Solution File, Format Version 12.00
# Visual Studio Version 16
VisualStudioVersion = 16.0.31019.35
MinimumVisualStudioVersion = 10.0.40219.1
Project("{FAE04EC0-301F-11D3-BF4B-00C04F79EFBC}") = "FactoryMethod", "FactoryMethod.csproj", "{E6836445-4CF1-4716-B34C-CF7F691C9680}"
EndProject
Global
	GlobalSection(SolutionConfigurationPlatforms) = preSolution
		Debug|Any CPU = Debug|Any CPU
		Release|Any CPU = Release|Any CPU
	EndGlobalSection
	GlobalSection(ProjectConfigurationPlatforms) = postSolution
		{E6836445-4CF1-4716-B34C-CF7F691C9680}.Debug|Any CPU.ActiveCfg = Debug|Any CPU
		{E6836445-4CF1-4716-B34C-CF7F691C9680}.Debug|Any CPU.Build.0 = Debug|Any CPU
		{E6836445-4CF1-4716-B34C-CF7F691C9680}.Release|Any CPU.ActiveCfg = Release|Any CPU
		{E6836445-4CF1-4716-B34C-CF7F691C9680}.Release|Any CPU.Build.0 = Release|Any CPU
	EndGlobalSection
	GlobalSection(SolutionProperties) = preSolution
		HideSolutionNode = FALSE
	EndGlobalSection
	GlobalSection(ExtensibilityGlobals) = postSolution
		SolutionGuid = {7EC2DA1A-DCE6-41BA-9B2A-478ED7E37D83}
	EndGlobalSection
EndGlobal
